
Microsoft Visual Studio Solution File, Format Version 12.00
# Visual Studio Version 17
VisualStudioVersion = 17.11.35327.3
MinimumVisualStudioVersion = 10.0.40219.1
Project("{FAE04EC0-301F-11D3-BF4B-00C04F79EFBC}") = "Chronospatial.Computer", "Chronospatial.Computer\Chronospatial.Computer.csproj", "{92B86EC1-52CE-4475-A231-ACBF81FA25EB}"
EndProject
Global
	GlobalSection(SolutionConfigurationPlatforms) = preSolution
		Debug|Any CPU = Debug|Any CPU
		Release|Any CPU = Release|Any CPU
	EndGlobalSection
	GlobalSection(ProjectConfigurationPlatforms) = postSolution
		{92B86EC1-52CE-4475-A231-ACBF81FA25EB}.Debug|Any CPU.ActiveCfg = Debug|Any CPU
		{92B86EC1-52CE-4475-A231-ACBF81FA25EB}.Debug|Any CPU.Build.0 = Debug|Any CPU
		{92B86EC1-52CE-4475-A231-ACBF81FA25EB}.Release|Any CPU.ActiveCfg = Release|Any CPU
		{92B86EC1-52CE-4475-A231-ACBF81FA25EB}.Release|Any CPU.Build.0 = Release|Any CPU
	EndGlobalSection
	GlobalSection(SolutionProperties) = preSolution
		HideSolutionNode = FALSE
	EndGlobalSection
	GlobalSection(ExtensibilityGlobals) = postSolution
		SolutionGuid = {002CE82A-F22E-4D06-A5F3-FB12F0C65C02}
	EndGlobalSection
EndGlobal
